
Microsoft Visual Studio Solution File, Format Version 12.00
# Visual Studio 15
VisualStudioVersion = 15.0.27703.2026
MinimumVisualStudioVersion = 10.0.40219.1
Project("{2150E333-8FDC-42A3-9474-1A3956D46DE8}") = "src", "src", "{CCE9237F-7157-4122-A351-15F9C6334A90}"
EndProject
Project("{2150E333-8FDC-42A3-9474-1A3956D46DE8}") = "test", "test", "{EA24F887-A357-4BC4-8422-B6136AEC6747}"
EndProject
Project("{9A19103F-16F7-4668-BE54-9A1E7A4F7556}") = "WebMail", "src\WebMail\WebMail.csproj", "{C908D61F-68A6-47D2-A4E6-A5851A69148F}"
EndProject
Project("{9A19103F-16F7-4668-BE54-9A1E7A4F7556}") = "WebMail.Core", "src\WebMail.Core\WebMail.Core.csproj", "{ED773371-69FA-4972-B3A5-755DC7C4EB85}"
EndProject
Project("{9A19103F-16F7-4668-BE54-9A1E7A4F7556}") = "WebMail.SendGrid", "src\WebMail.SendGrid\WebMail.SendGrid.csproj", "{F2EFDD5B-8E39-45BC-9505-34B2A8245BA3}"
EndProject
Project("{9A19103F-16F7-4668-BE54-9A1E7A4F7556}") = "WebMail.MailGun", "src\WebMail.MailGun\WebMail.MailGun.csproj", "{6CC9F68C-BE9F-4D57-A5A5-90BE5B4232F8}"
EndProject
Global
	GlobalSection(SolutionConfigurationPlatforms) = preSolution
		Debug|Any CPU = Debug|Any CPU
		Release|Any CPU = Release|Any CPU
	EndGlobalSection
	GlobalSection(ProjectConfigurationPlatforms) = postSolution
		{C908D61F-68A6-47D2-A4E6-A5851A69148F}.Debug|Any CPU.ActiveCfg = Debug|Any CPU
		{C908D61F-68A6-47D2-A4E6-A5851A69148F}.Debug|Any CPU.Build.0 = Debug|Any CPU
		{C908D61F-68A6-47D2-A4E6-A5851A69148F}.Release|Any CPU.ActiveCfg = Release|Any CPU
		{C908D61F-68A6-47D2-A4E6-A5851A69148F}.Release|Any CPU.Build.0 = Release|Any CPU
		{ED773371-69FA-4972-B3A5-755DC7C4EB85}.Debug|Any CPU.ActiveCfg = Debug|Any CPU
		{ED773371-69FA-4972-B3A5-755DC7C4EB85}.Debug|Any CPU.Build.0 = Debug|Any CPU
		{ED773371-69FA-4972-B3A5-755DC7C4EB85}.Release|Any CPU.ActiveCfg = Release|Any CPU
		{ED773371-69FA-4972-B3A5-755DC7C4EB85}.Release|Any CPU.Build.0 = Release|Any CPU
		{F2EFDD5B-8E39-45BC-9505-34B2A8245BA3}.Debug|Any CPU.ActiveCfg = Debug|Any CPU
		{F2EFDD5B-8E39-45BC-9505-34B2A8245BA3}.Debug|Any CPU.Build.0 = Debug|Any CPU
		{F2EFDD5B-8E39-45BC-9505-34B2A8245BA3}.Release|Any CPU.ActiveCfg = Release|Any CPU
		{F2EFDD5B-8E39-45BC-9505-34B2A8245BA3}.Release|Any CPU.Build.0 = Release|Any CPU
		{6CC9F68C-BE9F-4D57-A5A5-90BE5B4232F8}.Debug|Any CPU.ActiveCfg = Debug|Any CPU
		{6CC9F68C-BE9F-4D57-A5A5-90BE5B4232F8}.Debug|Any CPU.Build.0 = Debug|Any CPU
		{6CC9F68C-BE9F-4D57-A5A5-90BE5B4232F8}.Release|Any CPU.ActiveCfg = Release|Any CPU
		{6CC9F68C-BE9F-4D57-A5A5-90BE5B4232F8}.Release|Any CPU.Build.0 = Release|Any CPU
	EndGlobalSection
	GlobalSection(SolutionProperties) = preSolution
		HideSolutionNode = FALSE
	EndGlobalSection
	GlobalSection(NestedProjects) = preSolution
		{C908D61F-68A6-47D2-A4E6-A5851A69148F} = {CCE9237F-7157-4122-A351-15F9C6334A90}
		{ED773371-69FA-4972-B3A5-755DC7C4EB85} = {CCE9237F-7157-4122-A351-15F9C6334A90}
		{F2EFDD5B-8E39-45BC-9505-34B2A8245BA3} = {CCE9237F-7157-4122-A351-15F9C6334A90}
		{6CC9F68C-BE9F-4D57-A5A5-90BE5B4232F8} = {CCE9237F-7157-4122-A351-15F9C6334A90}
	EndGlobalSection
	GlobalSection(ExtensibilityGlobals) = postSolution
		SolutionGuid = {ED136772-DB87-4A97-8651-B5E60CBF571F}
	EndGlobalSection
EndGlobal
